
Microsoft Visual Studio Solution File, Format Version 12.00
# Visual Studio Version 16
VisualStudioVersion = 16.0.30907.101
MinimumVisualStudioVersion = 10.0.40219.1
Project("{FAE04EC0-301F-11D3-BF4B-00C04F79EFBC}") = "HappyBirthday", "HappyBirthday\HappyBirthday.csproj", "{943BE978-55A5-4323-B0F4-DEC09C26A93D}"
EndProject
Global
	GlobalSection(SolutionConfigurationPlatforms) = preSolution
		Debug|Any CPU = Debug|Any CPU
		Release|Any CPU = Release|Any CPU
	EndGlobalSection
	GlobalSection(ProjectConfigurationPlatforms) = postSolution
		{943BE978-55A5-4323-B0F4-DEC09C26A93D}.Debug|Any CPU.ActiveCfg = Debug|Any CPU
		{943BE978-55A5-4323-B0F4-DEC09C26A93D}.Debug|Any CPU.Build.0 = Debug|Any CPU
		{943BE978-55A5-4323-B0F4-DEC09C26A93D}.Release|Any CPU.ActiveCfg = Release|Any CPU
		{943BE978-55A5-4323-B0F4-DEC09C26A93D}.Release|Any CPU.Build.0 = Release|Any CPU
	EndGlobalSection
	GlobalSection(SolutionProperties) = preSolution
		HideSolutionNode = FALSE
	EndGlobalSection
	GlobalSection(ExtensibilityGlobals) = postSolution
		SolutionGuid = {CABDC9B1-613D-41C2-900A-29BA01177B69}
	EndGlobalSection
EndGlobal
